// !$*UTF8*$!
{
	archiveVersion = 1;
	classes = {
	};
	objectVersion = 51;
	objects = {

/* Begin PBXBuildFile section */
		756AFDB4AB17E67CE183C538 /* Pods_PriceAppTests.framework in Frameworks */ = {isa = PBXBuildFile; fileRef = 6DED8531A6B18CA909AB3821 /* Pods_PriceAppTests.framework */; };
		9E698120B9813FC4F846576C /* Pods_PriceApp.framework in Frameworks */ = {isa = PBXBuildFile; fileRef = 66A98B13ADCAE969059E7BFF /* Pods_PriceApp.framework */; };
		A6BC1A3D23C2D3D100A1E02F /* SignIn.storyboard in Resources */ = {isa = PBXBuildFile; fileRef = A6BC1A3C23C2D3D100A1E02F /* SignIn.storyboard */; };
		A6BC1A3F23C3342D00A1E02F /* Costants.swift in Sources */ = {isa = PBXBuildFile; fileRef = A6BC1A3E23C3342D00A1E02F /* Costants.swift */; };
		A6BC1A4123C3344400A1E02F /* StringExtensions.swift in Sources */ = {isa = PBXBuildFile; fileRef = A6BC1A4023C3344400A1E02F /* StringExtensions.swift */; };
		A6BC1A4323C334C300A1E02F /* SignInView.swift in Sources */ = {isa = PBXBuildFile; fileRef = A6BC1A4223C334C300A1E02F /* SignInView.swift */; };
		A6BC1A4523C3351D00A1E02F /* SignInPresenter.swift in Sources */ = {isa = PBXBuildFile; fileRef = A6BC1A4423C3351D00A1E02F /* SignInPresenter.swift */; };
		A6BC1A4923C3366700A1E02F /* SignInViewController.swift in Sources */ = {isa = PBXBuildFile; fileRef = A6BC1A4823C3366700A1E02F /* SignInViewController.swift */; };
		A6C0648E23BF883D0061E699 /* AppDelegate.swift in Sources */ = {isa = PBXBuildFile; fileRef = A6C0648D23BF883D0061E699 /* AppDelegate.swift */; };
		A6C0649023BF883D0061E699 /* SceneDelegate.swift in Sources */ = {isa = PBXBuildFile; fileRef = A6C0648F23BF883D0061E699 /* SceneDelegate.swift */; };
		A6C0649223BF883D0061E699 /* ViewController.swift in Sources */ = {isa = PBXBuildFile; fileRef = A6C0649123BF883D0061E699 /* ViewController.swift */; };
		A6C0649523BF883D0061E699 /* Main.storyboard in Resources */ = {isa = PBXBuildFile; fileRef = A6C0649323BF883D0061E699 /* Main.storyboard */; };
		A6C0649723BF883E0061E699 /* Assets.xcassets in Resources */ = {isa = PBXBuildFile; fileRef = A6C0649623BF883E0061E699 /* Assets.xcassets */; };
		A6C0649A23BF883E0061E699 /* LaunchScreen.storyboard in Resources */ = {isa = PBXBuildFile; fileRef = A6C0649823BF883E0061E699 /* LaunchScreen.storyboard */; };
		A6C064A523BF883F0061E699 /* PriceAppTests.swift in Sources */ = {isa = PBXBuildFile; fileRef = A6C064A423BF883F0061E699 /* PriceAppTests.swift */; };
		A6C064B023BF883F0061E699 /* PriceAppUITests.swift in Sources */ = {isa = PBXBuildFile; fileRef = A6C064AF23BF883F0061E699 /* PriceAppUITests.swift */; };
		A6C064D023BFA5680061E699 /* Average.storyboard in Resources */ = {isa = PBXBuildFile; fileRef = A6C064CF23BFA5680061E699 /* Average.storyboard */; };
		A6C064D223BFA5A80061E699 /* Market.storyboard in Resources */ = {isa = PBXBuildFile; fileRef = A6C064D123BFA5A80061E699 /* Market.storyboard */; };
		A6C064D423BFA6020061E699 /* Notification.storyboard in Resources */ = {isa = PBXBuildFile; fileRef = A6C064D323BFA6020061E699 /* Notification.storyboard */; };
		A6C064D623BFA6340061E699 /* Trends.storyboard in Resources */ = {isa = PBXBuildFile; fileRef = A6C064D523BFA6340061E699 /* Trends.storyboard */; };
		A6C064D923BFA6950061E699 /* Options.storyboard in Resources */ = {isa = PBXBuildFile; fileRef = A6C064D823BFA6950061E699 /* Options.storyboard */; };
		AABA4531578D83996411A788 /* Pods_PriceApp_PriceAppUITests.framework in Frameworks */ = {isa = PBXBuildFile; fileRef = 093612F7C3AAC05406148BD9 /* Pods_PriceApp_PriceAppUITests.framework */; };
/* End PBXBuildFile section */

/* Begin PBXContainerItemProxy section */
		A6C064A123BF883F0061E699 /* PBXContainerItemProxy */ = {
			isa = PBXContainerItemProxy;
			containerPortal = A6C0648223BF883D0061E699 /* Project object */;
			proxyType = 1;
			remoteGlobalIDString = A6C0648923BF883D0061E699;
			remoteInfo = PriceApp;
		};
		A6C064AC23BF883F0061E699 /* PBXContainerItemProxy */ = {
			isa = PBXContainerItemProxy;
			containerPortal = A6C0648223BF883D0061E699 /* Project object */;
			proxyType = 1;
			remoteGlobalIDString = A6C0648923BF883D0061E699;
			remoteInfo = PriceApp;
		};
/* End PBXContainerItemProxy section */

/* Begin PBXFileReference section */
		093612F7C3AAC05406148BD9 /* Pods_PriceApp_PriceAppUITests.framework */ = {isa = PBXFileReference; explicitFileType = wrapper.framework; includeInIndex = 0; path = Pods_PriceApp_PriceAppUITests.framework; sourceTree = BUILT_PRODUCTS_DIR; };
		66A98B13ADCAE969059E7BFF /* Pods_PriceApp.framework */ = {isa = PBXFileReference; explicitFileType = wrapper.framework; includeInIndex = 0; path = Pods_PriceApp.framework; sourceTree = BUILT_PRODUCTS_DIR; };
		6DED8531A6B18CA909AB3821 /* Pods_PriceAppTests.framework */ = {isa = PBXFileReference; explicitFileType = wrapper.framework; includeInIndex = 0; path = Pods_PriceAppTests.framework; sourceTree = BUILT_PRODUCTS_DIR; };
		6E9D6AEB1B5A31D0F8FDC24D /* Pods-PriceApp.debug.xcconfig */ = {isa = PBXFileReference; includeInIndex = 1; lastKnownFileType = text.xcconfig; name = "Pods-PriceApp.debug.xcconfig"; path = "Target Support Files/Pods-PriceApp/Pods-PriceApp.debug.xcconfig"; sourceTree = "<group>"; };
		71EEEDB6B5CE8CE29C4532A4 /* Pods-PriceAppTests.debug.xcconfig */ = {isa = PBXFileReference; includeInIndex = 1; lastKnownFileType = text.xcconfig; name = "Pods-PriceAppTests.debug.xcconfig"; path = "Target Support Files/Pods-PriceAppTests/Pods-PriceAppTests.debug.xcconfig"; sourceTree = "<group>"; };
		8C59AB2CC94A2583CE08B563 /* Pods-PriceAppTests.release.xcconfig */ = {isa = PBXFileReference; includeInIndex = 1; lastKnownFileType = text.xcconfig; name = "Pods-PriceAppTests.release.xcconfig"; path = "Target Support Files/Pods-PriceAppTests/Pods-PriceAppTests.release.xcconfig"; sourceTree = "<group>"; };
		A6BC1A3C23C2D3D100A1E02F /* SignIn.storyboard */ = {isa = PBXFileReference; fileEncoding = 4; lastKnownFileType = file.storyboard; path = SignIn.storyboard; sourceTree = "<group>"; };
		A6BC1A3E23C3342D00A1E02F /* Costants.swift */ = {isa = PBXFileReference; lastKnownFileType = sourcecode.swift; path = Costants.swift; sourceTree = "<group>"; };
		A6BC1A4023C3344400A1E02F /* StringExtensions.swift */ = {isa = PBXFileReference; lastKnownFileType = sourcecode.swift; path = StringExtensions.swift; sourceTree = "<group>"; };
		A6BC1A4223C334C300A1E02F /* SignInView.swift */ = {isa = PBXFileReference; lastKnownFileType = sourcecode.swift; path = SignInView.swift; sourceTree = "<group>"; };
		A6BC1A4423C3351D00A1E02F /* SignInPresenter.swift */ = {isa = PBXFileReference; lastKnownFileType = sourcecode.swift; path = SignInPresenter.swift; sourceTree = "<group>"; };
		A6BC1A4823C3366700A1E02F /* SignInViewController.swift */ = {isa = PBXFileReference; lastKnownFileType = sourcecode.swift; path = SignInViewController.swift; sourceTree = "<group>"; };
		A6C0648A23BF883D0061E699 /* PriceApp.app */ = {isa = PBXFileReference; explicitFileType = wrapper.application; includeInIndex = 0; path = PriceApp.app; sourceTree = BUILT_PRODUCTS_DIR; };
		A6C0648D23BF883D0061E699 /* AppDelegate.swift */ = {isa = PBXFileReference; lastKnownFileType = sourcecode.swift; path = AppDelegate.swift; sourceTree = "<group>"; };
		A6C0648F23BF883D0061E699 /* SceneDelegate.swift */ = {isa = PBXFileReference; lastKnownFileType = sourcecode.swift; path = SceneDelegate.swift; sourceTree = "<group>"; };
		A6C0649123BF883D0061E699 /* ViewController.swift */ = {isa = PBXFileReference; lastKnownFileType = sourcecode.swift; path = ViewController.swift; sourceTree = "<group>"; };
		A6C0649423BF883D0061E699 /* Base */ = {isa = PBXFileReference; lastKnownFileType = file.storyboard; name = Base; path = Base.lproj/Main.storyboard; sourceTree = "<group>"; };
		A6C0649623BF883E0061E699 /* Assets.xcassets */ = {isa = PBXFileReference; lastKnownFileType = folder.assetcatalog; path = Assets.xcassets; sourceTree = "<group>"; };
		A6C0649923BF883E0061E699 /* Base */ = {isa = PBXFileReference; lastKnownFileType = file.storyboard; name = Base; path = Base.lproj/LaunchScreen.storyboard; sourceTree = "<group>"; };
		A6C0649B23BF883E0061E699 /* Info.plist */ = {isa = PBXFileReference; lastKnownFileType = text.plist.xml; path = Info.plist; sourceTree = "<group>"; };
		A6C064A023BF883F0061E699 /* PriceAppTests.xctest */ = {isa = PBXFileReference; explicitFileType = wrapper.cfbundle; includeInIndex = 0; path = PriceAppTests.xctest; sourceTree = BUILT_PRODUCTS_DIR; };
		A6C064A423BF883F0061E699 /* PriceAppTests.swift */ = {isa = PBXFileReference; lastKnownFileType = sourcecode.swift; path = PriceAppTests.swift; sourceTree = "<group>"; };
		A6C064A623BF883F0061E699 /* Info.plist */ = {isa = PBXFileReference; lastKnownFileType = text.plist.xml; path = Info.plist; sourceTree = "<group>"; };
		A6C064AB23BF883F0061E699 /* PriceAppUITests.xctest */ = {isa = PBXFileReference; explicitFileType = wrapper.cfbundle; includeInIndex = 0; path = PriceAppUITests.xctest; sourceTree = BUILT_PRODUCTS_DIR; };
		A6C064AF23BF883F0061E699 /* PriceAppUITests.swift */ = {isa = PBXFileReference; lastKnownFileType = sourcecode.swift; path = PriceAppUITests.swift; sourceTree = "<group>"; };
		A6C064B123BF883F0061E699 /* Info.plist */ = {isa = PBXFileReference; lastKnownFileType = text.plist.xml; path = Info.plist; sourceTree = "<group>"; };
		A6C064CF23BFA5680061E699 /* Average.storyboard */ = {isa = PBXFileReference; fileEncoding = 4; lastKnownFileType = file.storyboard; path = Average.storyboard; sourceTree = "<group>"; };
		A6C064D123BFA5A80061E699 /* Market.storyboard */ = {isa = PBXFileReference; fileEncoding = 4; lastKnownFileType = file.storyboard; path = Market.storyboard; sourceTree = "<group>"; };
		A6C064D323BFA6020061E699 /* Notification.storyboard */ = {isa = PBXFileReference; fileEncoding = 4; lastKnownFileType = file.storyboard; path = Notification.storyboard; sourceTree = "<group>"; };
		A6C064D523BFA6340061E699 /* Trends.storyboard */ = {isa = PBXFileReference; fileEncoding = 4; lastKnownFileType = file.storyboard; path = Trends.storyboard; sourceTree = "<group>"; };
		A6C064D823BFA6950061E699 /* Options.storyboard */ = {isa = PBXFileReference; fileEncoding = 4; lastKnownFileType = file.storyboard; path = Options.storyboard; sourceTree = "<group>"; };
		BFECC7531A3298399BB1ACC3 /* Pods-PriceApp-PriceAppUITests.release.xcconfig */ = {isa = PBXFileReference; includeInIndex = 1; lastKnownFileType = text.xcconfig; name = "Pods-PriceApp-PriceAppUITests.release.xcconfig"; path = "Target Support Files/Pods-PriceApp-PriceAppUITests/Pods-PriceApp-PriceAppUITests.release.xcconfig"; sourceTree = "<group>"; };
		E1400765F3F87640A909D1B4 /* Pods-PriceApp.release.xcconfig */ = {isa = PBXFileReference; includeInIndex = 1; lastKnownFileType = text.xcconfig; name = "Pods-PriceApp.release.xcconfig"; path = "Target Support Files/Pods-PriceApp/Pods-PriceApp.release.xcconfig"; sourceTree = "<group>"; };
		F80F65ED53EB5BF57FDB2A3C /* Pods-PriceApp-PriceAppUITests.debug.xcconfig */ = {isa = PBXFileReference; includeInIndex = 1; lastKnownFileType = text.xcconfig; name = "Pods-PriceApp-PriceAppUITests.debug.xcconfig"; path = "Target Support Files/Pods-PriceApp-PriceAppUITests/Pods-PriceApp-PriceAppUITests.debug.xcconfig"; sourceTree = "<group>"; };
/* End PBXFileReference section */

/* Begin PBXFrameworksBuildPhase section */
		A6C0648723BF883D0061E699 /* Frameworks */ = {
			isa = PBXFrameworksBuildPhase;
			buildActionMask = 2147483647;
			files = (
				9E698120B9813FC4F846576C /* Pods_PriceApp.framework in Frameworks */,
			);
			runOnlyForDeploymentPostprocessing = 0;
		};
		A6C0649D23BF883F0061E699 /* Frameworks */ = {
			isa = PBXFrameworksBuildPhase;
			buildActionMask = 2147483647;
			files = (
				756AFDB4AB17E67CE183C538 /* Pods_PriceAppTests.framework in Frameworks */,
			);
			runOnlyForDeploymentPostprocessing = 0;
		};
		A6C064A823BF883F0061E699 /* Frameworks */ = {
			isa = PBXFrameworksBuildPhase;
			buildActionMask = 2147483647;
			files = (
				AABA4531578D83996411A788 /* Pods_PriceApp_PriceAppUITests.framework in Frameworks */,
			);
			runOnlyForDeploymentPostprocessing = 0;
		};
/* End PBXFrameworksBuildPhase section */

/* Begin PBXGroup section */
		678329FB6875F299FA7B0069 /* Frameworks */ = {
			isa = PBXGroup;
			children = (
				66A98B13ADCAE969059E7BFF /* Pods_PriceApp.framework */,
				093612F7C3AAC05406148BD9 /* Pods_PriceApp_PriceAppUITests.framework */,
				6DED8531A6B18CA909AB3821 /* Pods_PriceAppTests.framework */,
			);
			name = Frameworks;
			sourceTree = "<group>";
		};
		8BF243DFB7C0440BF53AA09C /* Pods */ = {
			isa = PBXGroup;
			children = (
				6E9D6AEB1B5A31D0F8FDC24D /* Pods-PriceApp.debug.xcconfig */,
				E1400765F3F87640A909D1B4 /* Pods-PriceApp.release.xcconfig */,
				F80F65ED53EB5BF57FDB2A3C /* Pods-PriceApp-PriceAppUITests.debug.xcconfig */,
				BFECC7531A3298399BB1ACC3 /* Pods-PriceApp-PriceAppUITests.release.xcconfig */,
				71EEEDB6B5CE8CE29C4532A4 /* Pods-PriceAppTests.debug.xcconfig */,
				8C59AB2CC94A2583CE08B563 /* Pods-PriceAppTests.release.xcconfig */,
			);
			path = Pods;
			sourceTree = "<group>";
		};
		A6C0648123BF883D0061E699 = {
			isa = PBXGroup;
			children = (
				A6C0648C23BF883D0061E699 /* PriceApp */,
				A6C064A323BF883F0061E699 /* PriceAppTests */,
				A6C064AE23BF883F0061E699 /* PriceAppUITests */,
				A6C0648B23BF883D0061E699 /* Products */,
				8BF243DFB7C0440BF53AA09C /* Pods */,
				678329FB6875F299FA7B0069 /* Frameworks */,
			);
			sourceTree = "<group>";
		};
		A6C0648B23BF883D0061E699 /* Products */ = {
			isa = PBXGroup;
			children = (
				A6C0648A23BF883D0061E699 /* PriceApp.app */,
				A6C064A023BF883F0061E699 /* PriceAppTests.xctest */,
				A6C064AB23BF883F0061E699 /* PriceAppUITests.xctest */,
			);
			name = Products;
			sourceTree = "<group>";
		};
		A6C0648C23BF883D0061E699 /* PriceApp */ = {
			isa = PBXGroup;
			children = (
				A6C064CD23BF8C080061E699 /* base */,
				A6C064C123BF8B000061E699 /* application */,
				A6C064C023BF8AF40061E699 /* resources */,
				A6C064BF23BF88CF0061E699 /* ui */,
				A6C064BE23BF88C90061E699 /* view */,
				A6C064BD23BF88AF0061E699 /* model */,
			);
			path = PriceApp;
			sourceTree = "<group>";
		};
		A6C064A323BF883F0061E699 /* PriceAppTests */ = {
			isa = PBXGroup;
			children = (
				A6C064A423BF883F0061E699 /* PriceAppTests.swift */,
				A6C064A623BF883F0061E699 /* Info.plist */,
			);
			path = PriceAppTests;
			sourceTree = "<group>";
		};
		A6C064AE23BF883F0061E699 /* PriceAppUITests */ = {
			isa = PBXGroup;
			children = (
				A6C064AF23BF883F0061E699 /* PriceAppUITests.swift */,
				A6C064B123BF883F0061E699 /* Info.plist */,
			);
			path = PriceAppUITests;
			sourceTree = "<group>";
		};
		A6C064BD23BF88AF0061E699 /* model */ = {
			isa = PBXGroup;
			children = (
			);
			path = model;
			sourceTree = "<group>";
		};
		A6C064BE23BF88C90061E699 /* view */ = {
			isa = PBXGroup;
			children = (
			);
			path = view;
			sourceTree = "<group>";
		};
		A6C064BF23BF88CF0061E699 /* ui */ = {
			isa = PBXGroup;
			children = (
			);
			path = ui;
			sourceTree = "<group>";
		};
		A6C064C023BF8AF40061E699 /* resources */ = {
			isa = PBXGroup;
			children = (
				A6C064CE23BF8C4C0061E699 /* images */,
			);
			path = resources;
			sourceTree = "<group>";
		};
		A6C064C123BF8B000061E699 /* application */ = {
			isa = PBXGroup;
			children = (
				A6C064D723BFA66C0061E699 /* options */,
				A6C064CC23BF8BCD0061E699 /* shared */,
				A6C064CB23BF8BBA0061E699 /* trends */,
				A6C064CA23BF8B920061E699 /* history */,
				A6C064C923BF8B730061E699 /* register */,
				A6C064C823BF8B680061E699 /* notification */,
				A6C064C723BF8B610061E699 /* market */,
				A6C064C623BF8B4D0061E699 /* average */,
				A6C064C523BF8B450061E699 /* profile */,
				A6C064C423BF8B2E0061E699 /* main */,
				A6C064C223BF8B0E0061E699 /* authentication */,
			);
			path = application;
			sourceTree = "<group>";
		};
		A6C064C223BF8B0E0061E699 /* authentication */ = {
			isa = PBXGroup;
			children = (
				A6C064C323BF8B190061E699 /* signin */,
			);
			path = authentication;
			sourceTree = "<group>";
		};
		A6C064C323BF8B190061E699 /* signin */ = {
			isa = PBXGroup;
			children = (
				A6BC1A3C23C2D3D100A1E02F /* SignIn.storyboard */,
				A6BC1A4223C334C300A1E02F /* SignInView.swift */,
				A6BC1A4423C3351D00A1E02F /* SignInPresenter.swift */,
				A6BC1A4823C3366700A1E02F /* SignInViewController.swift */,
			);
			path = signin;
			sourceTree = "<group>";
		};
		A6C064C423BF8B2E0061E699 /* main */ = {
			isa = PBXGroup;
			children = (
				A6C0649123BF883D0061E699 /* ViewController.swift */,
				A6C0649323BF883D0061E699 /* Main.storyboard */,
			);
			path = main;
			sourceTree = "<group>";
		};
		A6C064C523BF8B450061E699 /* profile */ = {
			isa = PBXGroup;
			children = (
			);
			path = profile;
			sourceTree = "<group>";
		};
		A6C064C623BF8B4D0061E699 /* average */ = {
			isa = PBXGroup;
			children = (
				A6C064CF23BFA5680061E699 /* Average.storyboard */,
			);
			path = average;
			sourceTree = "<group>";
		};
		A6C064C723BF8B610061E699 /* market */ = {
			isa = PBXGroup;
			children = (
				A6C064D123BFA5A80061E699 /* Market.storyboard */,
			);
			path = market;
			sourceTree = "<group>";
		};
		A6C064C823BF8B680061E699 /* notification */ = {
			isa = PBXGroup;
			children = (
				A6C064D323BFA6020061E699 /* Notification.storyboard */,
			);
			path = notification;
			sourceTree = "<group>";
		};
		A6C064C923BF8B730061E699 /* register */ = {
			isa = PBXGroup;
			children = (
			);
			path = register;
			sourceTree = "<group>";
		};
		A6C064CA23BF8B920061E699 /* history */ = {
			isa = PBXGroup;
			children = (
			);
			path = history;
			sourceTree = "<group>";
		};
		A6C064CB23BF8BBA0061E699 /* trends */ = {
			isa = PBXGroup;
			children = (
				A6C064D523BFA6340061E699 /* Trends.storyboard */,
			);
			path = trends;
			sourceTree = "<group>";
		};
		A6C064CC23BF8BCD0061E699 /* shared */ = {
			isa = PBXGroup;
			children = (
				A6BC1A3E23C3342D00A1E02F /* Costants.swift */,
				A6BC1A4023C3344400A1E02F /* StringExtensions.swift */,
			);
			path = shared;
			sourceTree = "<group>";
		};
		A6C064CD23BF8C080061E699 /* base */ = {
			isa = PBXGroup;
			children = (
				A6C0648F23BF883D0061E699 /* SceneDelegate.swift */,
				A6C0649823BF883E0061E699 /* LaunchScreen.storyboard */,
				A6C0648D23BF883D0061E699 /* AppDelegate.swift */,
				A6C0649B23BF883E0061E699 /* Info.plist */,
			);
			path = base;
			sourceTree = "<group>";
		};
		A6C064CE23BF8C4C0061E699 /* images */ = {
			isa = PBXGroup;
			children = (
				A6C0649623BF883E0061E699 /* Assets.xcassets */,
			);
			path = images;
			sourceTree = "<group>";
		};
		A6C064D723BFA66C0061E699 /* options */ = {
			isa = PBXGroup;
			children = (
				A6C064D823BFA6950061E699 /* Options.storyboard */,
			);
			path = options;
			sourceTree = "<group>";
		};
/* End PBXGroup section */

/* Begin PBXNativeTarget section */
		A6C0648923BF883D0061E699 /* PriceApp */ = {
			isa = PBXNativeTarget;
			buildConfigurationList = A6C064B423BF883F0061E699 /* Build configuration list for PBXNativeTarget "PriceApp" */;
			buildPhases = (
				70A4B5CA41F5C5B2B5757701 /* [CP] Check Pods Manifest.lock */,
				A6C0648623BF883D0061E699 /* Sources */,
				A6C0648723BF883D0061E699 /* Frameworks */,
				A6C0648823BF883D0061E699 /* Resources */,
				013B8937DA2D91AB2F9ABCFD /* [CP] Embed Pods Frameworks */,
				1563DB4BF96B425CDAF3340A /* [CP] Copy Pods Resources */,
			);
			buildRules = (
			);
			dependencies = (
			);
			name = PriceApp;
			productName = PriceApp;
			productReference = A6C0648A23BF883D0061E699 /* PriceApp.app */;
			productType = "com.apple.product-type.application";
		};
		A6C0649F23BF883F0061E699 /* PriceAppTests */ = {
			isa = PBXNativeTarget;
			buildConfigurationList = A6C064B723BF883F0061E699 /* Build configuration list for PBXNativeTarget "PriceAppTests" */;
			buildPhases = (
				31098672DFE49E47F8A50DF9 /* [CP] Check Pods Manifest.lock */,
				A6C0649C23BF883F0061E699 /* Sources */,
				A6C0649D23BF883F0061E699 /* Frameworks */,
				A6C0649E23BF883F0061E699 /* Resources */,
			);
			buildRules = (
			);
			dependencies = (
				A6C064A223BF883F0061E699 /* PBXTargetDependency */,
			);
			name = PriceAppTests;
			productName = PriceAppTests;
			productReference = A6C064A023BF883F0061E699 /* PriceAppTests.xctest */;
			productType = "com.apple.product-type.bundle.unit-test";
		};
		A6C064AA23BF883F0061E699 /* PriceAppUITests */ = {
			isa = PBXNativeTarget;
			buildConfigurationList = A6C064BA23BF883F0061E699 /* Build configuration list for PBXNativeTarget "PriceAppUITests" */;
			buildPhases = (
				7ED987243B2F5E4893235F5A /* [CP] Check Pods Manifest.lock */,
				A6C064A723BF883F0061E699 /* Sources */,
				A6C064A823BF883F0061E699 /* Frameworks */,
				A6C064A923BF883F0061E699 /* Resources */,
				D40435817692FD6C96D5AF78 /* [CP] Embed Pods Frameworks */,
				82FBE6699BC8EFB33EB7572D /* [CP] Copy Pods Resources */,
			);
			buildRules = (
			);
			dependencies = (
				A6C064AD23BF883F0061E699 /* PBXTargetDependency */,
			);
			name = PriceAppUITests;
			productName = PriceAppUITests;
			productReference = A6C064AB23BF883F0061E699 /* PriceAppUITests.xctest */;
			productType = "com.apple.product-type.bundle.ui-testing";
		};
/* End PBXNativeTarget section */

/* Begin PBXProject section */
		A6C0648223BF883D0061E699 /* Project object */ = {
			isa = PBXProject;
			attributes = {
				LastSwiftUpdateCheck = 1120;
				LastUpgradeCheck = 1120;
				ORGANIZATIONNAME = "Alfredo Benaute";
				TargetAttributes = {
					A6C0648923BF883D0061E699 = {
						CreatedOnToolsVersion = 11.2.1;
					};
					A6C0649F23BF883F0061E699 = {
						CreatedOnToolsVersion = 11.2.1;
						TestTargetID = A6C0648923BF883D0061E699;
					};
					A6C064AA23BF883F0061E699 = {
						CreatedOnToolsVersion = 11.2.1;
						TestTargetID = A6C0648923BF883D0061E699;
					};
				};
			};
			buildConfigurationList = A6C0648523BF883D0061E699 /* Build configuration list for PBXProject "PriceApp" */;
			compatibilityVersion = "Xcode 9.3";
			developmentRegion = en;
			hasScannedForEncodings = 0;
			knownRegions = (
				en,
				Base,
			);
			mainGroup = A6C0648123BF883D0061E699;
			productRefGroup = A6C0648B23BF883D0061E699 /* Products */;
			projectDirPath = "";
			projectRoot = "";
			targets = (
				A6C0648923BF883D0061E699 /* PriceApp */,
				A6C0649F23BF883F0061E699 /* PriceAppTests */,
				A6C064AA23BF883F0061E699 /* PriceAppUITests */,
			);
		};
/* End PBXProject section */

/* Begin PBXResourcesBuildPhase section */
		A6C0648823BF883D0061E699 /* Resources */ = {
			isa = PBXResourcesBuildPhase;
			buildActionMask = 2147483647;
			files = (
				A6C064D023BFA5680061E699 /* Average.storyboard in Resources */,
				A6C064D623BFA6340061E699 /* Trends.storyboard in Resources */,
				A6C064D423BFA6020061E699 /* Notification.storyboard in Resources */,
				A6C0649A23BF883E0061E699 /* LaunchScreen.storyboard in Resources */,
				A6BC1A3D23C2D3D100A1E02F /* SignIn.storyboard in Resources */,
				A6C064D223BFA5A80061E699 /* Market.storyboard in Resources */,
				A6C064D923BFA6950061E699 /* Options.storyboard in Resources */,
				A6C0649723BF883E0061E699 /* Assets.xcassets in Resources */,
				A6C0649523BF883D0061E699 /* Main.storyboard in Resources */,
			);
			runOnlyForDeploymentPostprocessing = 0;
		};
		A6C0649E23BF883F0061E699 /* Resources */ = {
			isa = PBXResourcesBuildPhase;
			buildActionMask = 2147483647;
			files = (
			);
			runOnlyForDeploymentPostprocessing = 0;
		};
		A6C064A923BF883F0061E699 /* Resources */ = {
			isa = PBXResourcesBuildPhase;
			buildActionMask = 2147483647;
			files = (
			);
			runOnlyForDeploymentPostprocessing = 0;
		};
/* End PBXResourcesBuildPhase section */

/* Begin PBXShellScriptBuildPhase section */
		013B8937DA2D91AB2F9ABCFD /* [CP] Embed Pods Frameworks */ = {
			isa = PBXShellScriptBuildPhase;
			buildActionMask = 2147483647;
			files = (
			);
			inputFileListPaths = (
				"${PODS_ROOT}/Target Support Files/Pods-PriceApp/Pods-PriceApp-frameworks-${CONFIGURATION}-input-files.xcfilelist",
			);
			name = "[CP] Embed Pods Frameworks";
			outputFileListPaths = (
				"${PODS_ROOT}/Target Support Files/Pods-PriceApp/Pods-PriceApp-frameworks-${CONFIGURATION}-output-files.xcfilelist",
			);
			runOnlyForDeploymentPostprocessing = 0;
			shellPath = /bin/sh;
			shellScript = "\"${PODS_ROOT}/Target Support Files/Pods-PriceApp/Pods-PriceApp-frameworks.sh\"\n";
			showEnvVarsInLog = 0;
		};
		1563DB4BF96B425CDAF3340A /* [CP] Copy Pods Resources */ = {
			isa = PBXShellScriptBuildPhase;
			buildActionMask = 2147483647;
			files = (
			);
			inputFileListPaths = (
				"${PODS_ROOT}/Target Support Files/Pods-PriceApp/Pods-PriceApp-resources-${CONFIGURATION}-input-files.xcfilelist",
			);
			name = "[CP] Copy Pods Resources";
			outputFileListPaths = (
				"${PODS_ROOT}/Target Support Files/Pods-PriceApp/Pods-PriceApp-resources-${CONFIGURATION}-output-files.xcfilelist",
			);
			runOnlyForDeploymentPostprocessing = 0;
			shellPath = /bin/sh;
			shellScript = "\"${PODS_ROOT}/Target Support Files/Pods-PriceApp/Pods-PriceApp-resources.sh\"\n";
			showEnvVarsInLog = 0;
		};
		31098672DFE49E47F8A50DF9 /* [CP] Check Pods Manifest.lock */ = {
			isa = PBXShellScriptBuildPhase;
			buildActionMask = 2147483647;
			files = (
			);
			inputFileListPaths = (
			);
			inputPaths = (
				"${PODS_PODFILE_DIR_PATH}/Podfile.lock",
				"${PODS_ROOT}/Manifest.lock",
			);
			name = "[CP] Check Pods Manifest.lock";
			outputFileListPaths = (
			);
			outputPaths = (
				"$(DERIVED_FILE_DIR)/Pods-PriceAppTests-checkManifestLockResult.txt",
			);
			runOnlyForDeploymentPostprocessing = 0;
			shellPath = /bin/sh;
			shellScript = "diff \"${PODS_PODFILE_DIR_PATH}/Podfile.lock\" \"${PODS_ROOT}/Manifest.lock\" > /dev/null\nif [ $? != 0 ] ; then\n    # print error to STDERR\n    echo \"error: The sandbox is not in sync with the Podfile.lock. Run 'pod install' or update your CocoaPods installation.\" >&2\n    exit 1\nfi\n# This output is used by Xcode 'outputs' to avoid re-running this script phase.\necho \"SUCCESS\" > \"${SCRIPT_OUTPUT_FILE_0}\"\n";
			showEnvVarsInLog = 0;
		};
		70A4B5CA41F5C5B2B5757701 /* [CP] Check Pods Manifest.lock */ = {
			isa = PBXShellScriptBuildPhase;
			buildActionMask = 2147483647;
			files = (
			);
			inputFileListPaths = (
			);
			inputPaths = (
				"${PODS_PODFILE_DIR_PATH}/Podfile.lock",
				"${PODS_ROOT}/Manifest.lock",
			);
			name = "[CP] Check Pods Manifest.lock";
			outputFileListPaths = (
			);
			outputPaths = (
				"$(DERIVED_FILE_DIR)/Pods-PriceApp-checkManifestLockResult.txt",
			);
			runOnlyForDeploymentPostprocessing = 0;
			shellPath = /bin/sh;
			shellScript = "diff \"${PODS_PODFILE_DIR_PATH}/Podfile.lock\" \"${PODS_ROOT}/Manifest.lock\" > /dev/null\nif [ $? != 0 ] ; then\n    # print error to STDERR\n    echo \"error: The sandbox is not in sync with the Podfile.lock. Run 'pod install' or update your CocoaPods installation.\" >&2\n    exit 1\nfi\n# This output is used by Xcode 'outputs' to avoid re-running this script phase.\necho \"SUCCESS\" > \"${SCRIPT_OUTPUT_FILE_0}\"\n";
			showEnvVarsInLog = 0;
		};
		7ED987243B2F5E4893235F5A /* [CP] Check Pods Manifest.lock */ = {
			isa = PBXShellScriptBuildPhase;
			buildActionMask = 2147483647;
			files = (
			);
			inputFileListPaths = (
			);
			inputPaths = (
				"${PODS_PODFILE_DIR_PATH}/Podfile.lock",
				"${PODS_ROOT}/Manifest.lock",
			);
			name = "[CP] Check Pods Manifest.lock";
			outputFileListPaths = (
			);
			outputPaths = (
				"$(DERIVED_FILE_DIR)/Pods-PriceApp-PriceAppUITests-checkManifestLockResult.txt",
			);
			runOnlyForDeploymentPostprocessing = 0;
			shellPath = /bin/sh;
			shellScript = "diff \"${PODS_PODFILE_DIR_PATH}/Podfile.lock\" \"${PODS_ROOT}/Manifest.lock\" > /dev/null\nif [ $? != 0 ] ; then\n    # print error to STDERR\n    echo \"error: The sandbox is not in sync with the Podfile.lock. Run 'pod install' or update your CocoaPods installation.\" >&2\n    exit 1\nfi\n# This output is used by Xcode 'outputs' to avoid re-running this script phase.\necho \"SUCCESS\" > \"${SCRIPT_OUTPUT_FILE_0}\"\n";
			showEnvVarsInLog = 0;
		};
		82FBE6699BC8EFB33EB7572D /* [CP] Copy Pods Resources */ = {
			isa = PBXShellScriptBuildPhase;
			buildActionMask = 2147483647;
			files = (
			);
			inputFileListPaths = (
				"${PODS_ROOT}/Target Support Files/Pods-PriceApp-PriceAppUITests/Pods-PriceApp-PriceAppUITests-resources-${CONFIGURATION}-input-files.xcfilelist",
			);
			name = "[CP] Copy Pods Resources";
			outputFileListPaths = (
				"${PODS_ROOT}/Target Support Files/Pods-PriceApp-PriceAppUITests/Pods-PriceApp-PriceAppUITests-resources-${CONFIGURATION}-output-files.xcfilelist",
			);
			runOnlyForDeploymentPostprocessing = 0;
			shellPath = /bin/sh;
			shellScript = "\"${PODS_ROOT}/Target Support Files/Pods-PriceApp-PriceAppUITests/Pods-PriceApp-PriceAppUITests-resources.sh\"\n";
			showEnvVarsInLog = 0;
		};
		D40435817692FD6C96D5AF78 /* [CP] Embed Pods Frameworks */ = {
			isa = PBXShellScriptBuildPhase;
			buildActionMask = 2147483647;
			files = (
			);
			inputFileListPaths = (
				"${PODS_ROOT}/Target Support Files/Pods-PriceApp-PriceAppUITests/Pods-PriceApp-PriceAppUITests-frameworks-${CONFIGURATION}-input-files.xcfilelist",
			);
			name = "[CP] Embed Pods Frameworks";
			outputFileListPaths = (
				"${PODS_ROOT}/Target Support Files/Pods-PriceApp-PriceAppUITests/Pods-PriceApp-PriceAppUITests-frameworks-${CONFIGURATION}-output-files.xcfilelist",
			);
			runOnlyForDeploymentPostprocessing = 0;
			shellPath = /bin/sh;
			shellScript = "\"${PODS_ROOT}/Target Support Files/Pods-PriceApp-PriceAppUITests/Pods-PriceApp-PriceAppUITests-frameworks.sh\"\n";
			showEnvVarsInLog = 0;
		};
/* End PBXShellScriptBuildPhase section */

/* Begin PBXSourcesBuildPhase section */
		A6C0648623BF883D0061E699 /* Sources */ = {
			isa = PBXSourcesBuildPhase;
			buildActionMask = 2147483647;
			files = (
				A6BC1A4323C334C300A1E02F /* SignInView.swift in Sources */,
				A6BC1A3F23C3342D00A1E02F /* Costants.swift in Sources */,
				A6C0649223BF883D0061E699 /* ViewController.swift in Sources */,
				A6BC1A4123C3344400A1E02F /* StringExtensions.swift in Sources */,
				A6BC1A4923C3366700A1E02F /* SignInViewController.swift in Sources */,
				A6BC1A4523C3351D00A1E02F /* SignInPresenter.swift in Sources */,
				A6C0648E23BF883D0061E699 /* AppDelegate.swift in Sources */,
				A6C0649023BF883D0061E699 /* SceneDelegate.swift in Sources */,
			);
			runOnlyForDeploymentPostprocessing = 0;
		};
		A6C0649C23BF883F0061E699 /* Sources */ = {
			isa = PBXSourcesBuildPhase;
			buildActionMask = 2147483647;
			files = (
				A6C064A523BF883F0061E699 /* PriceAppTests.swift in Sources */,
			);
			runOnlyForDeploymentPostprocessing = 0;
		};
		A6C064A723BF883F0061E699 /* Sources */ = {
			isa = PBXSourcesBuildPhase;
			buildActionMask = 2147483647;
			files = (
				A6C064B023BF883F0061E699 /* PriceAppUITests.swift in Sources */,
			);
			runOnlyForDeploymentPostprocessing = 0;
		};
/* End PBXSourcesBuildPhase section */

/* Begin PBXTargetDependency section */
		A6C064A223BF883F0061E699 /* PBXTargetDependency */ = {
			isa = PBXTargetDependency;
			target = A6C0648923BF883D0061E699 /* PriceApp */;
			targetProxy = A6C064A123BF883F0061E699 /* PBXContainerItemProxy */;
		};
		A6C064AD23BF883F0061E699 /* PBXTargetDependency */ = {
			isa = PBXTargetDependency;
			target = A6C0648923BF883D0061E699 /* PriceApp */;
			targetProxy = A6C064AC23BF883F0061E699 /* PBXContainerItemProxy */;
		};
/* End PBXTargetDependency section */

/* Begin PBXVariantGroup section */
		A6C0649323BF883D0061E699 /* Main.storyboard */ = {
			isa = PBXVariantGroup;
			children = (
				A6C0649423BF883D0061E699 /* Base */,
			);
			name = Main.storyboard;
			sourceTree = "<group>";
		};
		A6C0649823BF883E0061E699 /* LaunchScreen.storyboard */ = {
			isa = PBXVariantGroup;
			children = (
				A6C0649923BF883E0061E699 /* Base */,
			);
			name = LaunchScreen.storyboard;
			sourceTree = "<group>";
		};
/* End PBXVariantGroup section */

/* Begin XCBuildConfiguration section */
		A6C064B223BF883F0061E699 /* Debug */ = {
			isa = XCBuildConfiguration;
			buildSettings = {
				ALWAYS_SEARCH_USER_PATHS = NO;
				CLANG_ANALYZER_NONNULL = YES;
				CLANG_ANALYZER_NUMBER_OBJECT_CONVERSION = YES_AGGRESSIVE;
				CLANG_CXX_LANGUAGE_STANDARD = "gnu++14";
				CLANG_CXX_LIBRARY = "libc++";
				CLANG_ENABLE_MODULES = YES;
				CLANG_ENABLE_OBJC_ARC = YES;
				CLANG_ENABLE_OBJC_WEAK = YES;
				CLANG_WARN_BLOCK_CAPTURE_AUTORELEASING = YES;
				CLANG_WARN_BOOL_CONVERSION = YES;
				CLANG_WARN_COMMA = YES;
				CLANG_WARN_CONSTANT_CONVERSION = YES;
				CLANG_WARN_DEPRECATED_OBJC_IMPLEMENTATIONS = YES;
				CLANG_WARN_DIRECT_OBJC_ISA_USAGE = YES_ERROR;
				CLANG_WARN_DOCUMENTATION_COMMENTS = YES;
				CLANG_WARN_EMPTY_BODY = YES;
				CLANG_WARN_ENUM_CONVERSION = YES;
				CLANG_WARN_INFINITE_RECURSION = YES;
				CLANG_WARN_INT_CONVERSION = YES;
				CLANG_WARN_NON_LITERAL_NULL_CONVERSION = YES;
				CLANG_WARN_OBJC_IMPLICIT_RETAIN_SELF = YES;
				CLANG_WARN_OBJC_LITERAL_CONVERSION = YES;
				CLANG_WARN_OBJC_ROOT_CLASS = YES_ERROR;
				CLANG_WARN_RANGE_LOOP_ANALYSIS = YES;
				CLANG_WARN_STRICT_PROTOTYPES = YES;
				CLANG_WARN_SUSPICIOUS_MOVE = YES;
				CLANG_WARN_UNGUARDED_AVAILABILITY = YES_AGGRESSIVE;
				CLANG_WARN_UNREACHABLE_CODE = YES;
				CLANG_WARN__DUPLICATE_METHOD_MATCH = YES;
				COPY_PHASE_STRIP = NO;
				DEBUG_INFORMATION_FORMAT = dwarf;
				ENABLE_STRICT_OBJC_MSGSEND = YES;
				ENABLE_TESTABILITY = YES;
				GCC_C_LANGUAGE_STANDARD = gnu11;
				GCC_DYNAMIC_NO_PIC = NO;
				GCC_NO_COMMON_BLOCKS = YES;
				GCC_OPTIMIZATION_LEVEL = 0;
				GCC_PREPROCESSOR_DEFINITIONS = (
					"DEBUG=1",
					"$(inherited)",
				);
				GCC_WARN_64_TO_32_BIT_CONVERSION = YES;
				GCC_WARN_ABOUT_RETURN_TYPE = YES_ERROR;
				GCC_WARN_UNDECLARED_SELECTOR = YES;
				GCC_WARN_UNINITIALIZED_AUTOS = YES_AGGRESSIVE;
				GCC_WARN_UNUSED_FUNCTION = YES;
				GCC_WARN_UNUSED_VARIABLE = YES;
				IPHONEOS_DEPLOYMENT_TARGET = 13.2;
				MTL_ENABLE_DEBUG_INFO = INCLUDE_SOURCE;
				MTL_FAST_MATH = YES;
				ONLY_ACTIVE_ARCH = YES;
				SDKROOT = iphoneos;
				SWIFT_ACTIVE_COMPILATION_CONDITIONS = DEBUG;
				SWIFT_OPTIMIZATION_LEVEL = "-Onone";
			};
			name = Debug;
		};
		A6C064B323BF883F0061E699 /* Release */ = {
			isa = XCBuildConfiguration;
			buildSettings = {
				ALWAYS_SEARCH_USER_PATHS = NO;
				CLANG_ANALYZER_NONNULL = YES;
				CLANG_ANALYZER_NUMBER_OBJECT_CONVERSION = YES_AGGRESSIVE;
				CLANG_CXX_LANGUAGE_STANDARD = "gnu++14";
				CLANG_CXX_LIBRARY = "libc++";
				CLANG_ENABLE_MODULES = YES;
				CLANG_ENABLE_OBJC_ARC = YES;
				CLANG_ENABLE_OBJC_WEAK = YES;
				CLANG_WARN_BLOCK_CAPTURE_AUTORELEASING = YES;
				CLANG_WARN_BOOL_CONVERSION = YES;
				CLANG_WARN_COMMA = YES;
				CLANG_WARN_CONSTANT_CONVERSION = YES;
				CLANG_WARN_DEPRECATED_OBJC_IMPLEMENTATIONS = YES;
				CLANG_WARN_DIRECT_OBJC_ISA_USAGE = YES_ERROR;
				CLANG_WARN_DOCUMENTATION_COMMENTS = YES;
				CLANG_WARN_EMPTY_BODY = YES;
				CLANG_WARN_ENUM_CONVERSION = YES;
				CLANG_WARN_INFINITE_RECURSION = YES;
				CLANG_WARN_INT_CONVERSION = YES;
				CLANG_WARN_NON_LITERAL_NULL_CONVERSION = YES;
				CLANG_WARN_OBJC_IMPLICIT_RETAIN_SELF = YES;
				CLANG_WARN_OBJC_LITERAL_CONVERSION = YES;
				CLANG_WARN_OBJC_ROOT_CLASS = YES_ERROR;
				CLANG_WARN_RANGE_LOOP_ANALYSIS = YES;
				CLANG_WARN_STRICT_PROTOTYPES = YES;
				CLANG_WARN_SUSPICIOUS_MOVE = YES;
				CLANG_WARN_UNGUARDED_AVAILABILITY = YES_AGGRESSIVE;
				CLANG_WARN_UNREACHABLE_CODE = YES;
				CLANG_WARN__DUPLICATE_METHOD_MATCH = YES;
				COPY_PHASE_STRIP = NO;
				DEBUG_INFORMATION_FORMAT = "dwarf-with-dsym";
				ENABLE_NS_ASSERTIONS = NO;
				ENABLE_STRICT_OBJC_MSGSEND = YES;
				GCC_C_LANGUAGE_STANDARD = gnu11;
				GCC_NO_COMMON_BLOCKS = YES;
				GCC_WARN_64_TO_32_BIT_CONVERSION = YES;
				GCC_WARN_ABOUT_RETURN_TYPE = YES_ERROR;
				GCC_WARN_UNDECLARED_SELECTOR = YES;
				GCC_WARN_UNINITIALIZED_AUTOS = YES_AGGRESSIVE;
				GCC_WARN_UNUSED_FUNCTION = YES;
				GCC_WARN_UNUSED_VARIABLE = YES;
				IPHONEOS_DEPLOYMENT_TARGET = 13.2;
				MTL_ENABLE_DEBUG_INFO = NO;
				MTL_FAST_MATH = YES;
				SDKROOT = iphoneos;
				SWIFT_COMPILATION_MODE = wholemodule;
				SWIFT_OPTIMIZATION_LEVEL = "-O";
				VALIDATE_PRODUCT = YES;
			};
			name = Release;
		};
		A6C064B523BF883F0061E699 /* Debug */ = {
			isa = XCBuildConfiguration;
			baseConfigurationReference = 6E9D6AEB1B5A31D0F8FDC24D /* Pods-PriceApp.debug.xcconfig */;
			buildSettings = {
				ASSETCATALOG_COMPILER_APPICON_NAME = AppIcon;
				CODE_SIGN_STYLE = Automatic;
				DEVELOPMENT_TEAM = 4B93PN7H99;
				INFOPLIST_FILE = PriceApp/base/Info.plist;
				LD_RUNPATH_SEARCH_PATHS = (
					"$(inherited)",
					"@executable_path/Frameworks",
				);
				PRODUCT_BUNDLE_IDENTIFIER = com.procitrus.PriceApp;
				PRODUCT_NAME = "$(TARGET_NAME)";
				SWIFT_VERSION = 5.0;
				TARGETED_DEVICE_FAMILY = "1,2";
			};
			name = Debug;
		};
		A6C064B623BF883F0061E699 /* Release */ = {
			isa = XCBuildConfiguration;
			baseConfigurationReference = E1400765F3F87640A909D1B4 /* Pods-PriceApp.release.xcconfig */;
			buildSettings = {
				ASSETCATALOG_COMPILER_APPICON_NAME = AppIcon;
				CODE_SIGN_STYLE = Automatic;
				DEVELOPMENT_TEAM = 4B93PN7H99;
				INFOPLIST_FILE = PriceApp/base/Info.plist;
				LD_RUNPATH_SEARCH_PATHS = (
					"$(inherited)",
					"@executable_path/Frameworks",
				);
				PRODUCT_BUNDLE_IDENTIFIER = com.procitrus.PriceApp;
				PRODUCT_NAME = "$(TARGET_NAME)";
				SWIFT_VERSION = 5.0;
				TARGETED_DEVICE_FAMILY = "1,2";
			};
			name = Release;
		};
		A6C064B823BF883F0061E699 /* Debug */ = {
			isa = XCBuildConfiguration;
			baseConfigurationReference = 71EEEDB6B5CE8CE29C4532A4 /* Pods-PriceAppTests.debug.xcconfig */;
			buildSettings = {
				ALWAYS_EMBED_SWIFT_STANDARD_LIBRARIES = YES;
				BUNDLE_LOADER = "$(TEST_HOST)";
				CODE_SIGN_STYLE = Automatic;
				INFOPLIST_FILE = PriceAppTests/Info.plist;
				IPHONEOS_DEPLOYMENT_TARGET = 13.2;
				LD_RUNPATH_SEARCH_PATHS = (
					"$(inherited)",
					"@executable_path/Frameworks",
					"@loader_path/Frameworks",
				);
				PRODUCT_BUNDLE_IDENTIFIER = com.procitrus.PriceAppTests;
				PRODUCT_NAME = "$(TARGET_NAME)";
				SWIFT_VERSION = 5.0;
				TARGETED_DEVICE_FAMILY = "1,2";
				TEST_HOST = "$(BUILT_PRODUCTS_DIR)/PriceApp.app/PriceApp";
			};
			name = Debug;
		};
		A6C064B923BF883F0061E699 /* Release */ = {
			isa = XCBuildConfiguration;
			baseConfigurationReference = 8C59AB2CC94A2583CE08B563 /* Pods-PriceAppTests.release.xcconfig */;
			buildSettings = {
				ALWAYS_EMBED_SWIFT_STANDARD_LIBRARIES = YES;
				BUNDLE_LOADER = "$(TEST_HOST)";
				CODE_SIGN_STYLE = Automatic;
				INFOPLIST_FILE = PriceAppTests/Info.plist;
				IPHONEOS_DEPLOYMENT_TARGET = 13.2;
				LD_RUNPATH_SEARCH_PATHS = (
					"$(inherited)",
					"@executable_path/Frameworks",
					"@loader_path/Frameworks",
				);
				PRODUCT_BUNDLE_IDENTIFIER = com.procitrus.PriceAppTests;
				PRODUCT_NAME = "$(TARGET_NAME)";
				SWIFT_VERSION = 5.0;
				TARGETED_DEVICE_FAMILY = "1,2";
				TEST_HOST = "$(BUILT_PRODUCTS_DIR)/PriceApp.app/PriceApp";
			};
			name = Release;
		};
		A6C064BB23BF883F0061E699 /* Debug */ = {
			isa = XCBuildConfiguration;
			baseConfigurationReference = F80F65ED53EB5BF57FDB2A3C /* Pods-PriceApp-PriceAppUITests.debug.xcconfig */;
			buildSettings = {
				ALWAYS_EMBED_SWIFT_STANDARD_LIBRARIES = YES;
				CODE_SIGN_STYLE = Automatic;
				INFOPLIST_FILE = PriceAppUITests/Info.plist;
				LD_RUNPATH_SEARCH_PATHS = (
					"$(inherited)",
					"@executable_path/Frameworks",
					"@loader_path/Frameworks",
				);
				PRODUCT_BUNDLE_IDENTIFIER = com.procitrus.PriceAppUITests;
				PRODUCT_NAME = "$(TARGET_NAME)";
				SWIFT_VERSION = 5.0;
				TARGETED_DEVICE_FAMILY = "1,2";
				TEST_TARGET_NAME = PriceApp;
			};
			name = Debug;
		};
		A6C064BC23BF883F0061E699 /* Release */ = {
			isa = XCBuildConfiguration;
			baseConfigurationReference = BFECC7531A3298399BB1ACC3 /* Pods-PriceApp-PriceAppUITests.release.xcconfig */;
			buildSettings = {
				ALWAYS_EMBED_SWIFT_STANDARD_LIBRARIES = YES;
				CODE_SIGN_STYLE = Automatic;
				INFOPLIST_FILE = PriceAppUITests/Info.plist;
				LD_RUNPATH_SEARCH_PATHS = (
					"$(inherited)",
					"@executable_path/Frameworks",
					"@loader_path/Frameworks",
				);
				PRODUCT_BUNDLE_IDENTIFIER = com.procitrus.PriceAppUITests;
				PRODUCT_NAME = "$(TARGET_NAME)";
				SWIFT_VERSION = 5.0;
				TARGETED_DEVICE_FAMILY = "1,2";
				TEST_TARGET_NAME = PriceApp;
			};
			name = Release;
		};
/* End XCBuildConfiguration section */

/* Begin XCConfigurationList section */
		A6C0648523BF883D0061E699 /* Build configuration list for PBXProject "PriceApp" */ = {
			isa = XCConfigurationList;
			buildConfigurations = (
				A6C064B223BF883F0061E699 /* Debug */,
				A6C064B323BF883F0061E699 /* Release */,
			);
			defaultConfigurationIsVisible = 0;
			defaultConfigurationName = Release;
		};
		A6C064B423BF883F0061E699 /* Build configuration list for PBXNativeTarget "PriceApp" */ = {
			isa = XCConfigurationList;
			buildConfigurations = (
				A6C064B523BF883F0061E699 /* Debug */,
				A6C064B623BF883F0061E699 /* Release */,
			);
			defaultConfigurationIsVisible = 0;
			defaultConfigurationName = Release;
		};
		A6C064B723BF883F0061E699 /* Build configuration list for PBXNativeTarget "PriceAppTests" */ = {
			isa = XCConfigurationList;
			buildConfigurations = (
				A6C064B823BF883F0061E699 /* Debug */,
				A6C064B923BF883F0061E699 /* Release */,
			);
			defaultConfigurationIsVisible = 0;
			defaultConfigurationName = Release;
		};
		A6C064BA23BF883F0061E699 /* Build configuration list for PBXNativeTarget "PriceAppUITests" */ = {
			isa = XCConfigurationList;
			buildConfigurations = (
				A6C064BB23BF883F0061E699 /* Debug */,
				A6C064BC23BF883F0061E699 /* Release */,
			);
			defaultConfigurationIsVisible = 0;
			defaultConfigurationName = Release;
		};
/* End XCConfigurationList section */
	};
	rootObject = A6C0648223BF883D0061E699 /* Project object */;
}
