// !$*UTF8*$!
{
	archiveVersion = 1;
	classes = {
	};
	objectVersion = 50;
	objects = {

/* Begin PBXBuildFile section */
		A6BC1A3D23C2D3D100A1E02F /* SignIn.storyboard in Resources */ = {isa = PBXBuildFile; fileRef = A6BC1A3C23C2D3D100A1E02F /* SignIn.storyboard */; };
		A6C0648E23BF883D0061E699 /* AppDelegate.swift in Sources */ = {isa = PBXBuildFile; fileRef = A6C0648D23BF883D0061E699 /* AppDelegate.swift */; };
		A6C0649023BF883D0061E699 /* SceneDelegate.swift in Sources */ = {isa = PBXBuildFile; fileRef = A6C0648F23BF883D0061E699 /* SceneDelegate.swift */; };
		A6C0649223BF883D0061E699 /* ViewController.swift in Sources */ = {isa = PBXBuildFile; fileRef = A6C0649123BF883D0061E699 /* ViewController.swift */; };
		A6C0649523BF883D0061E699 /* Main.storyboard in Resources */ = {isa = PBXBuildFile; fileRef = A6C0649323BF883D0061E699 /* Main.storyboard */; };
		A6C0649723BF883E0061E699 /* Assets.xcassets in Resources */ = {isa = PBXBuildFile; fileRef = A6C0649623BF883E0061E699 /* Assets.xcassets */; };
		A6C0649A23BF883E0061E699 /* LaunchScreen.storyboard in Resources */ = {isa = PBXBuildFile; fileRef = A6C0649823BF883E0061E699 /* LaunchScreen.storyboard */; };
		A6C064A523BF883F0061E699 /* PriceAppTests.swift in Sources */ = {isa = PBXBuildFile; fileRef = A6C064A423BF883F0061E699 /* PriceAppTests.swift */; };
		A6C064B023BF883F0061E699 /* PriceAppUITests.swift in Sources */ = {isa = PBXBuildFile; fileRef = A6C064AF23BF883F0061E699 /* PriceAppUITests.swift */; };
		A6C064D023BFA5680061E699 /* Average.storyboard in Resources */ = {isa = PBXBuildFile; fileRef = A6C064CF23BFA5680061E699 /* Average.storyboard */; };
		A6C064D223BFA5A80061E699 /* Market.storyboard in Resources */ = {isa = PBXBuildFile; fileRef = A6C064D123BFA5A80061E699 /* Market.storyboard */; };
		A6C064D423BFA6020061E699 /* Notification.storyboard in Resources */ = {isa = PBXBuildFile; fileRef = A6C064D323BFA6020061E699 /* Notification.storyboard */; };
		A6C064D623BFA6340061E699 /* Trends.storyboard in Resources */ = {isa = PBXBuildFile; fileRef = A6C064D523BFA6340061E699 /* Trends.storyboard */; };
		A6C064D923BFA6950061E699 /* Options.storyboard in Resources */ = {isa = PBXBuildFile; fileRef = A6C064D823BFA6950061E699 /* Options.storyboard */; };
/* End PBXBuildFile section */

/* Begin PBXContainerItemProxy section */
		A6C064A123BF883F0061E699 /* PBXContainerItemProxy */ = {
			isa = PBXContainerItemProxy;
			containerPortal = A6C0648223BF883D0061E699 /* Project object */;
			proxyType = 1;
			remoteGlobalIDString = A6C0648923BF883D0061E699;
			remoteInfo = PriceApp;
		};
		A6C064AC23BF883F0061E699 /* PBXContainerItemProxy */ = {
			isa = PBXContainerItemProxy;
			containerPortal = A6C0648223BF883D0061E699 /* Project object */;
			proxyType = 1;
			remoteGlobalIDString = A6C0648923BF883D0061E699;
			remoteInfo = PriceApp;
		};
/* End PBXContainerItemProxy section */

/* Begin PBXFileReference section */
		A6BC1A3C23C2D3D100A1E02F /* SignIn.storyboard */ = {isa = PBXFileReference; fileEncoding = 4; lastKnownFileType = file.storyboard; path = SignIn.storyboard; sourceTree = "<group>"; };
		A6C0648A23BF883D0061E699 /* PriceApp.app */ = {isa = PBXFileReference; explicitFileType = wrapper.application; includeInIndex = 0; path = PriceApp.app; sourceTree = BUILT_PRODUCTS_DIR; };
		A6C0648D23BF883D0061E699 /* AppDelegate.swift */ = {isa = PBXFileReference; lastKnownFileType = sourcecode.swift; path = AppDelegate.swift; sourceTree = "<group>"; };
		A6C0648F23BF883D0061E699 /* SceneDelegate.swift */ = {isa = PBXFileReference; lastKnownFileType = sourcecode.swift; path = SceneDelegate.swift; sourceTree = "<group>"; };
		A6C0649123BF883D0061E699 /* ViewController.swift */ = {isa = PBXFileReference; lastKnownFileType = sourcecode.swift; path = ViewController.swift; sourceTree = "<group>"; };
		A6C0649423BF883D0061E699 /* Base */ = {isa = PBXFileReference; lastKnownFileType = file.storyboard; name = Base; path = Base.lproj/Main.storyboard; sourceTree = "<group>"; };
		A6C0649623BF883E0061E699 /* Assets.xcassets */ = {isa = PBXFileReference; lastKnownFileType = folder.assetcatalog; path = Assets.xcassets; sourceTree = "<group>"; };
		A6C0649923BF883E0061E699 /* Base */ = {isa = PBXFileReference; lastKnownFileType = file.storyboard; name = Base; path = Base.lproj/LaunchScreen.storyboard; sourceTree = "<group>"; };
		A6C0649B23BF883E0061E699 /* Info.plist */ = {isa = PBXFileReference; lastKnownFileType = text.plist.xml; path = Info.plist; sourceTree = "<group>"; };
		A6C064A023BF883F0061E699 /* PriceAppTests.xctest */ = {isa = PBXFileReference; explicitFileType = wrapper.cfbundle; includeInIndex = 0; path = PriceAppTests.xctest; sourceTree = BUILT_PRODUCTS_DIR; };
		A6C064A423BF883F0061E699 /* PriceAppTests.swift */ = {isa = PBXFileReference; lastKnownFileType = sourcecode.swift; path = PriceAppTests.swift; sourceTree = "<group>"; };
		A6C064A623BF883F0061E699 /* Info.plist */ = {isa = PBXFileReference; lastKnownFileType = text.plist.xml; path = Info.plist; sourceTree = "<group>"; };
		A6C064AB23BF883F0061E699 /* PriceAppUITests.xctest */ = {isa = PBXFileReference; explicitFileType = wrapper.cfbundle; includeInIndex = 0; path = PriceAppUITests.xctest; sourceTree = BUILT_PRODUCTS_DIR; };
		A6C064AF23BF883F0061E699 /* PriceAppUITests.swift */ = {isa = PBXFileReference; lastKnownFileType = sourcecode.swift; path = PriceAppUITests.swift; sourceTree = "<group>"; };
		A6C064B123BF883F0061E699 /* Info.plist */ = {isa = PBXFileReference; lastKnownFileType = text.plist.xml; path = Info.plist; sourceTree = "<group>"; };
		A6C064CF23BFA5680061E699 /* Average.storyboard */ = {isa = PBXFileReference; fileEncoding = 4; lastKnownFileType = file.storyboard; path = Average.storyboard; sourceTree = "<group>"; };
		A6C064D123BFA5A80061E699 /* Market.storyboard */ = {isa = PBXFileReference; fileEncoding = 4; lastKnownFileType = file.storyboard; path = Market.storyboard; sourceTree = "<group>"; };
		A6C064D323BFA6020061E699 /* Notification.storyboard */ = {isa = PBXFileReference; fileEncoding = 4; lastKnownFileType = file.storyboard; path = Notification.storyboard; sourceTree = "<group>"; };
		A6C064D523BFA6340061E699 /* Trends.storyboard */ = {isa = PBXFileReference; fileEncoding = 4; lastKnownFileType = file.storyboard; path = Trends.storyboard; sourceTree = "<group>"; };
		A6C064D823BFA6950061E699 /* Options.storyboard */ = {isa = PBXFileReference; fileEncoding = 4; lastKnownFileType = file.storyboard; path = Options.storyboard; sourceTree = "<group>"; };
/* End PBXFileReference section */

/* Begin PBXFrameworksBuildPhase section */
		A6C0648723BF883D0061E699 /* Frameworks */ = {
			isa = PBXFrameworksBuildPhase;
			buildActionMask = 2147483647;
			files = (
			);
			runOnlyForDeploymentPostprocessing = 0;
		};
		A6C0649D23BF883F0061E699 /* Frameworks */ = {
			isa = PBXFrameworksBuildPhase;
			buildActionMask = 2147483647;
			files = (
			);
			runOnlyForDeploymentPostprocessing = 0;
		};
		A6C064A823BF883F0061E699 /* Frameworks */ = {
			isa = PBXFrameworksBuildPhase;
			buildActionMask = 2147483647;
			files = (
			);
			runOnlyForDeploymentPostprocessing = 0;
		};
/* End PBXFrameworksBuildPhase section */

/* Begin PBXGroup section */
		A6C0648123BF883D0061E699 = {
			isa = PBXGroup;
			children = (
				A6C0648C23BF883D0061E699 /* PriceApp */,
				A6C064A323BF883F0061E699 /* PriceAppTests */,
				A6C064AE23BF883F0061E699 /* PriceAppUITests */,
				A6C0648B23BF883D0061E699 /* Products */,
			);
			sourceTree = "<group>";
		};
		A6C0648B23BF883D0061E699 /* Products */ = {
			isa = PBXGroup;
			children = (
				A6C0648A23BF883D0061E699 /* PriceApp.app */,
				A6C064A023BF883F0061E699 /* PriceAppTests.xctest */,
				A6C064AB23BF883F0061E699 /* PriceAppUITests.xctest */,
			);
			name = Products;
			sourceTree = "<group>";
		};
		A6C0648C23BF883D0061E699 /* PriceApp */ = {
			isa = PBXGroup;
			children = (
				A6C064CD23BF8C080061E699 /* base */,
				A6C064C123BF8B000061E699 /* application */,
				A6C064C023BF8AF40061E699 /* resources */,
				A6C064BF23BF88CF0061E699 /* ui */,
				A6C064BE23BF88C90061E699 /* view */,
				A6C064BD23BF88AF0061E699 /* model */,
			);
			path = PriceApp;
			sourceTree = "<group>";
		};
		A6C064A323BF883F0061E699 /* PriceAppTests */ = {
			isa = PBXGroup;
			children = (
				A6C064A423BF883F0061E699 /* PriceAppTests.swift */,
				A6C064A623BF883F0061E699 /* Info.plist */,
			);
			path = PriceAppTests;
			sourceTree = "<group>";
		};
		A6C064AE23BF883F0061E699 /* PriceAppUITests */ = {
			isa = PBXGroup;
			children = (
				A6C064AF23BF883F0061E699 /* PriceAppUITests.swift */,
				A6C064B123BF883F0061E699 /* Info.plist */,
			);
			path = PriceAppUITests;
			sourceTree = "<group>";
		};
		A6C064BD23BF88AF0061E699 /* model */ = {
			isa = PBXGroup;
			children = (
			);
			path = model;
			sourceTree = "<group>";
		};
		A6C064BE23BF88C90061E699 /* view */ = {
			isa = PBXGroup;
			children = (
			);
			path = view;
			sourceTree = "<group>";
		};
		A6C064BF23BF88CF0061E699 /* ui */ = {
			isa = PBXGroup;
			children = (
			);
			path = ui;
			sourceTree = "<group>";
		};
		A6C064C023BF8AF40061E699 /* resources */ = {
			isa = PBXGroup;
			children = (
				A6C064CE23BF8C4C0061E699 /* images */,
			);
			path = resources;
			sourceTree = "<group>";
		};
		A6C064C123BF8B000061E699 /* application */ = {
			isa = PBXGroup;
			children = (
				A6C064D723BFA66C0061E699 /* options */,
				A6C064CC23BF8BCD0061E699 /* shared */,
				A6C064CB23BF8BBA0061E699 /* trends */,
				A6C064CA23BF8B920061E699 /* history */,
				A6C064C923BF8B730061E699 /* register */,
				A6C064C823BF8B680061E699 /* notification */,
				A6C064C723BF8B610061E699 /* market */,
				A6C064C623BF8B4D0061E699 /* average */,
				A6C064C523BF8B450061E699 /* profile */,
				A6C064C423BF8B2E0061E699 /* main */,
				A6C064C223BF8B0E0061E699 /* authentication */,
			);
			path = application;
			sourceTree = "<group>";
		};
		A6C064C223BF8B0E0061E699 /* authentication */ = {
			isa = PBXGroup;
			children = (
				A6C064C323BF8B190061E699 /* signin */,
			);
			path = authentication;
			sourceTree = "<group>";
		};
		A6C064C323BF8B190061E699 /* signin */ = {
			isa = PBXGroup;
			children = (
				A6BC1A3C23C2D3D100A1E02F /* SignIn.storyboard */,
			);
			path = signin;
			sourceTree = "<group>";
		};
		A6C064C423BF8B2E0061E699 /* main */ = {
			isa = PBXGroup;
			children = (
				A6C0649123BF883D0061E699 /* ViewController.swift */,
				A6C0649323BF883D0061E699 /* Main.storyboard */,
			);
			path = main;
			sourceTree = "<group>";
		};
		A6C064C523BF8B450061E699 /* profile */ = {
			isa = PBXGroup;
			children = (
			);
			path = profile;
			sourceTree = "<group>";
		};
		A6C064C623BF8B4D0061E699 /* average */ = {
			isa = PBXGroup;
			children = (
				A6C064CF23BFA5680061E699 /* Average.storyboard */,
			);
			path = average;
			sourceTree = "<group>";
		};
		A6C064C723BF8B610061E699 /* market */ = {
			isa = PBXGroup;
			children = (
				A6C064D123BFA5A80061E699 /* Market.storyboard */,
			);
			path = market;
			sourceTree = "<group>";
		};
		A6C064C823BF8B680061E699 /* notification */ = {
			isa = PBXGroup;
			children = (
				A6C064D323BFA6020061E699 /* Notification.storyboard */,
			);
			path = notification;
			sourceTree = "<group>";
		};
		A6C064C923BF8B730061E699 /* register */ = {
			isa = PBXGroup;
			children = (
			);
			path = register;
			sourceTree = "<group>";
		};
		A6C064CA23BF8B920061E699 /* history */ = {
			isa = PBXGroup;
			children = (
			);
			path = history;
			sourceTree = "<group>";
		};
		A6C064CB23BF8BBA0061E699 /* trends */ = {
			isa = PBXGroup;
			children = (
				A6C064D523BFA6340061E699 /* Trends.storyboard */,
			);
			path = trends;
			sourceTree = "<group>";
		};
		A6C064CC23BF8BCD0061E699 /* shared */ = {
			isa = PBXGroup;
			children = (
			);
			path = shared;
			sourceTree = "<group>";
		};
		A6C064CD23BF8C080061E699 /* base */ = {
			isa = PBXGroup;
			children = (
				A6C0648F23BF883D0061E699 /* SceneDelegate.swift */,
				A6C0649823BF883E0061E699 /* LaunchScreen.storyboard */,
				A6C0648D23BF883D0061E699 /* AppDelegate.swift */,
				A6C0649B23BF883E0061E699 /* Info.plist */,
			);
			path = base;
			sourceTree = "<group>";
		};
		A6C064CE23BF8C4C0061E699 /* images */ = {
			isa = PBXGroup;
			children = (
				A6C0649623BF883E0061E699 /* Assets.xcassets */,
			);
			path = images;
			sourceTree = "<group>";
		};
		A6C064D723BFA66C0061E699 /* options */ = {
			isa = PBXGroup;
			children = (
				A6C064D823BFA6950061E699 /* Options.storyboard */,
			);
			path = options;
			sourceTree = "<group>";
		};
/* End PBXGroup section */

/* Begin PBXNativeTarget section */
		A6C0648923BF883D0061E699 /* PriceApp */ = {
			isa = PBXNativeTarget;
			buildConfigurationList = A6C064B423BF883F0061E699 /* Build configuration list for PBXNativeTarget "PriceApp" */;
			buildPhases = (
				A6C0648623BF883D0061E699 /* Sources */,
				A6C0648723BF883D0061E699 /* Frameworks */,
				A6C0648823BF883D0061E699 /* Resources */,
			);
			buildRules = (
			);
			dependencies = (
			);
			name = PriceApp;
			productName = PriceApp;
			productReference = A6C0648A23BF883D0061E699 /* PriceApp.app */;
			productType = "com.apple.product-type.application";
		};
		A6C0649F23BF883F0061E699 /* PriceAppTests */ = {
			isa = PBXNativeTarget;
			buildConfigurationList = A6C064B723BF883F0061E699 /* Build configuration list for PBXNativeTarget "PriceAppTests" */;
			buildPhases = (
				A6C0649C23BF883F0061E699 /* Sources */,
				A6C0649D23BF883F0061E699 /* Frameworks */,
				A6C0649E23BF883F0061E699 /* Resources */,
			);
			buildRules = (
			);
			dependencies = (
				A6C064A223BF883F0061E699 /* PBXTargetDependency */,
			);
			name = PriceAppTests;
			productName = PriceAppTests;
			productReference = A6C064A023BF883F0061E699 /* PriceAppTests.xctest */;
			productType = "com.apple.product-type.bundle.unit-test";
		};
		A6C064AA23BF883F0061E699 /* PriceAppUITests */ = {
			isa = PBXNativeTarget;
			buildConfigurationList = A6C064BA23BF883F0061E699 /* Build configuration list for PBXNativeTarget "PriceAppUITests" */;
			buildPhases = (
				A6C064A723BF883F0061E699 /* Sources */,
				A6C064A823BF883F0061E699 /* Frameworks */,
				A6C064A923BF883F0061E699 /* Resources */,
			);
			buildRules = (
			);
			dependencies = (
				A6C064AD23BF883F0061E699 /* PBXTargetDependency */,
			);
			name = PriceAppUITests;
			productName = PriceAppUITests;
			productReference = A6C064AB23BF883F0061E699 /* PriceAppUITests.xctest */;
			productType = "com.apple.product-type.bundle.ui-testing";
		};
/* End PBXNativeTarget section */

/* Begin PBXProject section */
		A6C0648223BF883D0061E699 /* Project object */ = {
			isa = PBXProject;
			attributes = {
				LastSwiftUpdateCheck = 1120;
				LastUpgradeCheck = 1120;
				ORGANIZATIONNAME = "Alfredo Benaute";
				TargetAttributes = {
					A6C0648923BF883D0061E699 = {
						CreatedOnToolsVersion = 11.2.1;
					};
					A6C0649F23BF883F0061E699 = {
						CreatedOnToolsVersion = 11.2.1;
						TestTargetID = A6C0648923BF883D0061E699;
					};
					A6C064AA23BF883F0061E699 = {
						CreatedOnToolsVersion = 11.2.1;
						TestTargetID = A6C0648923BF883D0061E699;
					};
				};
			};
			buildConfigurationList = A6C0648523BF883D0061E699 /* Build configuration list for PBXProject "PriceApp" */;
			compatibilityVersion = "Xcode 9.3";
			developmentRegion = en;
			hasScannedForEncodings = 0;
			knownRegions = (
				en,
				Base,
			);
			mainGroup = A6C0648123BF883D0061E699;
			productRefGroup = A6C0648B23BF883D0061E699 /* Products */;
			projectDirPath = "";
			projectRoot = "";
			targets = (
				A6C0648923BF883D0061E699 /* PriceApp */,
				A6C0649F23BF883F0061E699 /* PriceAppTests */,
				A6C064AA23BF883F0061E699 /* PriceAppUITests */,
			);
		};
/* End PBXProject section */

/* Begin PBXResourcesBuildPhase section */
		A6C0648823BF883D0061E699 /* Resources */ = {
			isa = PBXResourcesBuildPhase;
			buildActionMask = 2147483647;
			files = (
				A6C064D023BFA5680061E699 /* Average.storyboard in Resources */,
				A6C064D623BFA6340061E699 /* Trends.storyboard in Resources */,
				A6C064D423BFA6020061E699 /* Notification.storyboard in Resources */,
				A6C0649A23BF883E0061E699 /* LaunchScreen.storyboard in Resources */,
				A6BC1A3D23C2D3D100A1E02F /* SignIn.storyboard in Resources */,
				A6C064D223BFA5A80061E699 /* Market.storyboard in Resources */,
				A6C064D923BFA6950061E699 /* Options.storyboard in Resources */,
				A6C0649723BF883E0061E699 /* Assets.xcassets in Resources */,
				A6C0649523BF883D0061E699 /* Main.storyboard in Resources */,
			);
			runOnlyForDeploymentPostprocessing = 0;
		};
		A6C0649E23BF883F0061E699 /* Resources */ = {
			isa = PBXResourcesBuildPhase;
			buildActionMask = 2147483647;
			files = (
			);
			runOnlyForDeploymentPostprocessing = 0;
		};
		A6C064A923BF883F0061E699 /* Resources */ = {
			isa = PBXResourcesBuildPhase;
			buildActionMask = 2147483647;
			files = (
			);
			runOnlyForDeploymentPostprocessing = 0;
		};
/* End PBXResourcesBuildPhase section */

/* Begin PBXSourcesBuildPhase section */
		A6C0648623BF883D0061E699 /* Sources */ = {
			isa = PBXSourcesBuildPhase;
			buildActionMask = 2147483647;
			files = (
				A6C0649223BF883D0061E699 /* ViewController.swift in Sources */,
				A6C0648E23BF883D0061E699 /* AppDelegate.swift in Sources */,
				A6C0649023BF883D0061E699 /* SceneDelegate.swift in Sources */,
			);
			runOnlyForDeploymentPostprocessing = 0;
		};
		A6C0649C23BF883F0061E699 /* Sources */ = {
			isa = PBXSourcesBuildPhase;
			buildActionMask = 2147483647;
			files = (
				A6C064A523BF883F0061E699 /* PriceAppTests.swift in Sources */,
			);
			runOnlyForDeploymentPostprocessing = 0;
		};
		A6C064A723BF883F0061E699 /* Sources */ = {
			isa = PBXSourcesBuildPhase;
			buildActionMask = 2147483647;
			files = (
				A6C064B023BF883F0061E699 /* PriceAppUITests.swift in Sources */,
			);
			runOnlyForDeploymentPostprocessing = 0;
		};
/* End PBXSourcesBuildPhase section */

/* Begin PBXTargetDependency section */
		A6C064A223BF883F0061E699 /* PBXTargetDependency */ = {
			isa = PBXTargetDependency;
			target = A6C0648923BF883D0061E699 /* PriceApp */;
			targetProxy = A6C064A123BF883F0061E699 /* PBXContainerItemProxy */;
		};
		A6C064AD23BF883F0061E699 /* PBXTargetDependency */ = {
			isa = PBXTargetDependency;
			target = A6C0648923BF883D0061E699 /* PriceApp */;
			targetProxy = A6C064AC23BF883F0061E699 /* PBXContainerItemProxy */;
		};
/* End PBXTargetDependency section */

/* Begin PBXVariantGroup section */
		A6C0649323BF883D0061E699 /* Main.storyboard */ = {
			isa = PBXVariantGroup;
			children = (
				A6C0649423BF883D0061E699 /* Base */,
			);
			name = Main.storyboard;
			sourceTree = "<group>";
		};
		A6C0649823BF883E0061E699 /* LaunchScreen.storyboard */ = {
			isa = PBXVariantGroup;
			children = (
				A6C0649923BF883E0061E699 /* Base */,
			);
			name = LaunchScreen.storyboard;
			sourceTree = "<group>";
		};
/* End PBXVariantGroup section */

/* Begin XCBuildConfiguration section */
		A6C064B223BF883F0061E699 /* Debug */ = {
			isa = XCBuildConfiguration;
			buildSettings = {
				ALWAYS_SEARCH_USER_PATHS = NO;
				CLANG_ANALYZER_NONNULL = YES;
				CLANG_ANALYZER_NUMBER_OBJECT_CONVERSION = YES_AGGRESSIVE;
				CLANG_CXX_LANGUAGE_STANDARD = "gnu++14";
				CLANG_CXX_LIBRARY = "libc++";
				CLANG_ENABLE_MODULES = YES;
				CLANG_ENABLE_OBJC_ARC = YES;
				CLANG_ENABLE_OBJC_WEAK = YES;
				CLANG_WARN_BLOCK_CAPTURE_AUTORELEASING = YES;
				CLANG_WARN_BOOL_CONVERSION = YES;
				CLANG_WARN_COMMA = YES;
				CLANG_WARN_CONSTANT_CONVERSION = YES;
				CLANG_WARN_DEPRECATED_OBJC_IMPLEMENTATIONS = YES;
				CLANG_WARN_DIRECT_OBJC_ISA_USAGE = YES_ERROR;
				CLANG_WARN_DOCUMENTATION_COMMENTS = YES;
				CLANG_WARN_EMPTY_BODY = YES;
				CLANG_WARN_ENUM_CONVERSION = YES;
				CLANG_WARN_INFINITE_RECURSION = YES;
				CLANG_WARN_INT_CONVERSION = YES;
				CLANG_WARN_NON_LITERAL_NULL_CONVERSION = YES;
				CLANG_WARN_OBJC_IMPLICIT_RETAIN_SELF = YES;
				CLANG_WARN_OBJC_LITERAL_CONVERSION = YES;
				CLANG_WARN_OBJC_ROOT_CLASS = YES_ERROR;
				CLANG_WARN_RANGE_LOOP_ANALYSIS = YES;
				CLANG_WARN_STRICT_PROTOTYPES = YES;
				CLANG_WARN_SUSPICIOUS_MOVE = YES;
				CLANG_WARN_UNGUARDED_AVAILABILITY = YES_AGGRESSIVE;
				CLANG_WARN_UNREACHABLE_CODE = YES;
				CLANG_WARN__DUPLICATE_METHOD_MATCH = YES;
				COPY_PHASE_STRIP = NO;
				DEBUG_INFORMATION_FORMAT = dwarf;
				ENABLE_STRICT_OBJC_MSGSEND = YES;
				ENABLE_TESTABILITY = YES;
				GCC_C_LANGUAGE_STANDARD = gnu11;
				GCC_DYNAMIC_NO_PIC = NO;
				GCC_NO_COMMON_BLOCKS = YES;
				GCC_OPTIMIZATION_LEVEL = 0;
				GCC_PREPROCESSOR_DEFINITIONS = (
					"DEBUG=1",
					"$(inherited)",
				);
				GCC_WARN_64_TO_32_BIT_CONVERSION = YES;
				GCC_WARN_ABOUT_RETURN_TYPE = YES_ERROR;
				GCC_WARN_UNDECLARED_SELECTOR = YES;
				GCC_WARN_UNINITIALIZED_AUTOS = YES_AGGRESSIVE;
				GCC_WARN_UNUSED_FUNCTION = YES;
				GCC_WARN_UNUSED_VARIABLE = YES;
				IPHONEOS_DEPLOYMENT_TARGET = 13.2;
				MTL_ENABLE_DEBUG_INFO = INCLUDE_SOURCE;
				MTL_FAST_MATH = YES;
				ONLY_ACTIVE_ARCH = YES;
				SDKROOT = iphoneos;
				SWIFT_ACTIVE_COMPILATION_CONDITIONS = DEBUG;
				SWIFT_OPTIMIZATION_LEVEL = "-Onone";
			};
			name = Debug;
		};
		A6C064B323BF883F0061E699 /* Release */ = {
			isa = XCBuildConfiguration;
			buildSettings = {
				ALWAYS_SEARCH_USER_PATHS = NO;
				CLANG_ANALYZER_NONNULL = YES;
				CLANG_ANALYZER_NUMBER_OBJECT_CONVERSION = YES_AGGRESSIVE;
				CLANG_CXX_LANGUAGE_STANDARD = "gnu++14";
				CLANG_CXX_LIBRARY = "libc++";
				CLANG_ENABLE_MODULES = YES;
				CLANG_ENABLE_OBJC_ARC = YES;
				CLANG_ENABLE_OBJC_WEAK = YES;
				CLANG_WARN_BLOCK_CAPTURE_AUTORELEASING = YES;
				CLANG_WARN_BOOL_CONVERSION = YES;
				CLANG_WARN_COMMA = YES;
				CLANG_WARN_CONSTANT_CONVERSION = YES;
				CLANG_WARN_DEPRECATED_OBJC_IMPLEMENTATIONS = YES;
				CLANG_WARN_DIRECT_OBJC_ISA_USAGE = YES_ERROR;
				CLANG_WARN_DOCUMENTATION_COMMENTS = YES;
				CLANG_WARN_EMPTY_BODY = YES;
				CLANG_WARN_ENUM_CONVERSION = YES;
				CLANG_WARN_INFINITE_RECURSION = YES;
				CLANG_WARN_INT_CONVERSION = YES;
				CLANG_WARN_NON_LITERAL_NULL_CONVERSION = YES;
				CLANG_WARN_OBJC_IMPLICIT_RETAIN_SELF = YES;
				CLANG_WARN_OBJC_LITERAL_CONVERSION = YES;
				CLANG_WARN_OBJC_ROOT_CLASS = YES_ERROR;
				CLANG_WARN_RANGE_LOOP_ANALYSIS = YES;
				CLANG_WARN_STRICT_PROTOTYPES = YES;
				CLANG_WARN_SUSPICIOUS_MOVE = YES;
				CLANG_WARN_UNGUARDED_AVAILABILITY = YES_AGGRESSIVE;
				CLANG_WARN_UNREACHABLE_CODE = YES;
				CLANG_WARN__DUPLICATE_METHOD_MATCH = YES;
				COPY_PHASE_STRIP = NO;
				DEBUG_INFORMATION_FORMAT = "dwarf-with-dsym";
				ENABLE_NS_ASSERTIONS = NO;
				ENABLE_STRICT_OBJC_MSGSEND = YES;
				GCC_C_LANGUAGE_STANDARD = gnu11;
				GCC_NO_COMMON_BLOCKS = YES;
				GCC_WARN_64_TO_32_BIT_CONVERSION = YES;
				GCC_WARN_ABOUT_RETURN_TYPE = YES_ERROR;
				GCC_WARN_UNDECLARED_SELECTOR = YES;
				GCC_WARN_UNINITIALIZED_AUTOS = YES_AGGRESSIVE;
				GCC_WARN_UNUSED_FUNCTION = YES;
				GCC_WARN_UNUSED_VARIABLE = YES;
				IPHONEOS_DEPLOYMENT_TARGET = 13.2;
				MTL_ENABLE_DEBUG_INFO = NO;
				MTL_FAST_MATH = YES;
				SDKROOT = iphoneos;
				SWIFT_COMPILATION_MODE = wholemodule;
				SWIFT_OPTIMIZATION_LEVEL = "-O";
				VALIDATE_PRODUCT = YES;
			};
			name = Release;
		};
		A6C064B523BF883F0061E699 /* Debug */ = {
			isa = XCBuildConfiguration;
			buildSettings = {
				ASSETCATALOG_COMPILER_APPICON_NAME = AppIcon;
				CODE_SIGN_STYLE = Automatic;
				INFOPLIST_FILE = PriceApp/base/Info.plist;
				LD_RUNPATH_SEARCH_PATHS = (
					"$(inherited)",
					"@executable_path/Frameworks",
				);
				PRODUCT_BUNDLE_IDENTIFIER = com.procitrus.PriceApp;
				PRODUCT_NAME = "$(TARGET_NAME)";
				SWIFT_VERSION = 5.0;
				TARGETED_DEVICE_FAMILY = "1,2";
			};
			name = Debug;
		};
		A6C064B623BF883F0061E699 /* Release */ = {
			isa = XCBuildConfiguration;
			buildSettings = {
				ASSETCATALOG_COMPILER_APPICON_NAME = AppIcon;
				CODE_SIGN_STYLE = Automatic;
				INFOPLIST_FILE = PriceApp/base/Info.plist;
				LD_RUNPATH_SEARCH_PATHS = (
					"$(inherited)",
					"@executable_path/Frameworks",
				);
				PRODUCT_BUNDLE_IDENTIFIER = com.procitrus.PriceApp;
				PRODUCT_NAME = "$(TARGET_NAME)";
				SWIFT_VERSION = 5.0;
				TARGETED_DEVICE_FAMILY = "1,2";
			};
			name = Release;
		};
		A6C064B823BF883F0061E699 /* Debug */ = {
			isa = XCBuildConfiguration;
			buildSettings = {
				ALWAYS_EMBED_SWIFT_STANDARD_LIBRARIES = YES;
				BUNDLE_LOADER = "$(TEST_HOST)";
				CODE_SIGN_STYLE = Automatic;
				INFOPLIST_FILE = PriceAppTests/Info.plist;
				IPHONEOS_DEPLOYMENT_TARGET = 13.2;
				LD_RUNPATH_SEARCH_PATHS = (
					"$(inherited)",
					"@executable_path/Frameworks",
					"@loader_path/Frameworks",
				);
				PRODUCT_BUNDLE_IDENTIFIER = com.procitrus.PriceAppTests;
				PRODUCT_NAME = "$(TARGET_NAME)";
				SWIFT_VERSION = 5.0;
				TARGETED_DEVICE_FAMILY = "1,2";
				TEST_HOST = "$(BUILT_PRODUCTS_DIR)/PriceApp.app/PriceApp";
			};
			name = Debug;
		};
		A6C064B923BF883F0061E699 /* Release */ = {
			isa = XCBuildConfiguration;
			buildSettings = {
				ALWAYS_EMBED_SWIFT_STANDARD_LIBRARIES = YES;
				BUNDLE_LOADER = "$(TEST_HOST)";
				CODE_SIGN_STYLE = Automatic;
				INFOPLIST_FILE = PriceAppTests/Info.plist;
				IPHONEOS_DEPLOYMENT_TARGET = 13.2;
				LD_RUNPATH_SEARCH_PATHS = (
					"$(inherited)",
					"@executable_path/Frameworks",
					"@loader_path/Frameworks",
				);
				PRODUCT_BUNDLE_IDENTIFIER = com.procitrus.PriceAppTests;
				PRODUCT_NAME = "$(TARGET_NAME)";
				SWIFT_VERSION = 5.0;
				TARGETED_DEVICE_FAMILY = "1,2";
				TEST_HOST = "$(BUILT_PRODUCTS_DIR)/PriceApp.app/PriceApp";
			};
			name = Release;
		};
		A6C064BB23BF883F0061E699 /* Debug */ = {
			isa = XCBuildConfiguration;
			buildSettings = {
				ALWAYS_EMBED_SWIFT_STANDARD_LIBRARIES = YES;
				CODE_SIGN_STYLE = Automatic;
				INFOPLIST_FILE = PriceAppUITests/Info.plist;
				LD_RUNPATH_SEARCH_PATHS = (
					"$(inherited)",
					"@executable_path/Frameworks",
					"@loader_path/Frameworks",
				);
				PRODUCT_BUNDLE_IDENTIFIER = com.procitrus.PriceAppUITests;
				PRODUCT_NAME = "$(TARGET_NAME)";
				SWIFT_VERSION = 5.0;
				TARGETED_DEVICE_FAMILY = "1,2";
				TEST_TARGET_NAME = PriceApp;
			};
			name = Debug;
		};
		A6C064BC23BF883F0061E699 /* Release */ = {
			isa = XCBuildConfiguration;
			buildSettings = {
				ALWAYS_EMBED_SWIFT_STANDARD_LIBRARIES = YES;
				CODE_SIGN_STYLE = Automatic;
				INFOPLIST_FILE = PriceAppUITests/Info.plist;
				LD_RUNPATH_SEARCH_PATHS = (
					"$(inherited)",
					"@executable_path/Frameworks",
					"@loader_path/Frameworks",
				);
				PRODUCT_BUNDLE_IDENTIFIER = com.procitrus.PriceAppUITests;
				PRODUCT_NAME = "$(TARGET_NAME)";
				SWIFT_VERSION = 5.0;
				TARGETED_DEVICE_FAMILY = "1,2";
				TEST_TARGET_NAME = PriceApp;
			};
			name = Release;
		};
/* End XCBuildConfiguration section */

/* Begin XCConfigurationList section */
		A6C0648523BF883D0061E699 /* Build configuration list for PBXProject "PriceApp" */ = {
			isa = XCConfigurationList;
			buildConfigurations = (
				A6C064B223BF883F0061E699 /* Debug */,
				A6C064B323BF883F0061E699 /* Release */,
			);
			defaultConfigurationIsVisible = 0;
			defaultConfigurationName = Release;
		};
		A6C064B423BF883F0061E699 /* Build configuration list for PBXNativeTarget "PriceApp" */ = {
			isa = XCConfigurationList;
			buildConfigurations = (
				A6C064B523BF883F0061E699 /* Debug */,
				A6C064B623BF883F0061E699 /* Release */,
			);
			defaultConfigurationIsVisible = 0;
			defaultConfigurationName = Release;
		};
		A6C064B723BF883F0061E699 /* Build configuration list for PBXNativeTarget "PriceAppTests" */ = {
			isa = XCConfigurationList;
			buildConfigurations = (
				A6C064B823BF883F0061E699 /* Debug */,
				A6C064B923BF883F0061E699 /* Release */,
			);
			defaultConfigurationIsVisible = 0;
			defaultConfigurationName = Release;
		};
		A6C064BA23BF883F0061E699 /* Build configuration list for PBXNativeTarget "PriceAppUITests" */ = {
			isa = XCConfigurationList;
			buildConfigurations = (
				A6C064BB23BF883F0061E699 /* Debug */,
				A6C064BC23BF883F0061E699 /* Release */,
			);
			defaultConfigurationIsVisible = 0;
			defaultConfigurationName = Release;
		};
/* End XCConfigurationList section */
	};
	rootObject = A6C0648223BF883D0061E699 /* Project object */;
}
